// !$*UTF8*$!
{
	archiveVersion = 1;
	classes = {
	};
	objectVersion = 55;
	objects = {

/* Begin PBXBuildFile section */
		A72E757428C5F77A0028CE8D /* OnboardingNicknameViewController.swift in Sources */ = {isa = PBXBuildFile; fileRef = A72E757328C5F77A0028CE8D /* OnboardingNicknameViewController.swift */; };
		A72E757928C5FD7A0028CE8D /* LightTextField.swift in Sources */ = {isa = PBXBuildFile; fileRef = A72E757828C5FD7A0028CE8D /* LightTextField.swift */; };
		A72E757E28C60BC00028CE8D /* TextField.swift in Sources */ = {isa = PBXBuildFile; fileRef = A72E757D28C60BC00028CE8D /* TextField.swift */; };
		A72E758028C612E10028CE8D /* TextButton.swift in Sources */ = {isa = PBXBuildFile; fileRef = A72E757F28C612E10028CE8D /* TextButton.swift */; };
		A72E758428C622430028CE8D /* OnboardingNicknameInputAccessoryView.swift in Sources */ = {isa = PBXBuildFile; fileRef = A72E758328C622430028CE8D /* OnboardingNicknameInputAccessoryView.swift */; };
		A72E758A28C6461F0028CE8D /* TadakMainViewController.swift in Sources */ = {isa = PBXBuildFile; fileRef = A72E758928C6461F0028CE8D /* TadakMainViewController.swift */; };
		A72E758D28C647590028CE8D /* TadakMainBackgroundView.swift in Sources */ = {isa = PBXBuildFile; fileRef = A72E758C28C647590028CE8D /* TadakMainBackgroundView.swift */; };
		A72E759028C64A9C0028CE8D /* logo.png in Resources */ = {isa = PBXBuildFile; fileRef = A72E758F28C64A9C0028CE8D /* logo.png */; };
		A72E759828C658440028CE8D /* NotoSansKR-Black.otf in Resources */ = {isa = PBXBuildFile; fileRef = A72E759228C658430028CE8D /* NotoSansKR-Black.otf */; };
		A72E759928C658440028CE8D /* NotoSansKR-Bold.otf in Resources */ = {isa = PBXBuildFile; fileRef = A72E759328C658430028CE8D /* NotoSansKR-Bold.otf */; };
		A72E759A28C658440028CE8D /* NotoSansKR-Light.otf in Resources */ = {isa = PBXBuildFile; fileRef = A72E759428C658440028CE8D /* NotoSansKR-Light.otf */; };
		A72E759B28C658440028CE8D /* NotoSansKR-Thin.otf in Resources */ = {isa = PBXBuildFile; fileRef = A72E759528C658440028CE8D /* NotoSansKR-Thin.otf */; };
		A72E759C28C658440028CE8D /* NotoSansKR-Regular.otf in Resources */ = {isa = PBXBuildFile; fileRef = A72E759628C658440028CE8D /* NotoSansKR-Regular.otf */; };
		A72E759F28C6587C0028CE8D /* NotoSansKR-Medium.otf in Resources */ = {isa = PBXBuildFile; fileRef = A72E759E28C6587C0028CE8D /* NotoSansKR-Medium.otf */; };
		A72E75A128C659A30028CE8D /* UIFont++.swift in Sources */ = {isa = PBXBuildFile; fileRef = A72E75A028C659A30028CE8D /* UIFont++.swift */; };
		A72E75A328C66A680028CE8D /* TadakListViewController.swift in Sources */ = {isa = PBXBuildFile; fileRef = A72E75A228C66A680028CE8D /* TadakListViewController.swift */; };
		A72E75A628C66B670028CE8D /* TadakNavigationView.swift in Sources */ = {isa = PBXBuildFile; fileRef = A72E75A528C66B670028CE8D /* TadakNavigationView.swift */; };
		A75806EB28C4E75A0073D03A /* Assets.xcassets in Resources */ = {isa = PBXBuildFile; fileRef = A75806EA28C4E75A0073D03A /* Assets.xcassets */; };
		A75806ED28C4E93E0073D03A /* splash.png in Resources */ = {isa = PBXBuildFile; fileRef = A75806EC28C4E93E0073D03A /* splash.png */; };
		A75806EF28C4EEDA0073D03A /* UIColor++.swift in Sources */ = {isa = PBXBuildFile; fileRef = A75806EE28C4EEDA0073D03A /* UIColor++.swift */; };
		A75806F528C4F2490073D03A /* OnboardingCharacterViewController.swift in Sources */ = {isa = PBXBuildFile; fileRef = A75806F428C4F2490073D03A /* OnboardingCharacterViewController.swift */; };
		A75806F828C4F3A80073D03A /* SnapKit in Frameworks */ = {isa = PBXBuildFile; productRef = A75806F728C4F3A80073D03A /* SnapKit */; };
		A758071028C4F7F70073D03A /* bear.png in Resources */ = {isa = PBXBuildFile; fileRef = A75806FC28C4F7F60073D03A /* bear.png */; };
		A758071128C4F7F70073D03A /* lion.png in Resources */ = {isa = PBXBuildFile; fileRef = A75806FD28C4F7F60073D03A /* lion.png */; };
		A758071228C4F7F70073D03A /* hedgehog.png in Resources */ = {isa = PBXBuildFile; fileRef = A75806FE28C4F7F60073D03A /* hedgehog.png */; };
		A758071328C4F7F70073D03A /* rabbit.png in Resources */ = {isa = PBXBuildFile; fileRef = A75806FF28C4F7F60073D03A /* rabbit.png */; };
		A758071428C4F7F70073D03A /* llama.png in Resources */ = {isa = PBXBuildFile; fileRef = A758070028C4F7F60073D03A /* llama.png */; };
		A758071528C4F7F70073D03A /* raccoon.png in Resources */ = {isa = PBXBuildFile; fileRef = A758070128C4F7F60073D03A /* raccoon.png */; };
		A758071628C4F7F70073D03A /* octopus.png in Resources */ = {isa = PBXBuildFile; fileRef = A758070228C4F7F60073D03A /* octopus.png */; };
		A758071728C4F7F70073D03A /* dog.png in Resources */ = {isa = PBXBuildFile; fileRef = A758070328C4F7F60073D03A /* dog.png */; };
		A758071828C4F7F70073D03A /* dinosaur.png in Resources */ = {isa = PBXBuildFile; fileRef = A758070428C4F7F60073D03A /* dinosaur.png */; };
		A758071928C4F7F70073D03A /* deer.png in Resources */ = {isa = PBXBuildFile; fileRef = A758070528C4F7F60073D03A /* deer.png */; };
		A758071A28C4F7F70073D03A /* mouse.png in Resources */ = {isa = PBXBuildFile; fileRef = A758070628C4F7F60073D03A /* mouse.png */; };
		A758071B28C4F7F70073D03A /* chameleon.png in Resources */ = {isa = PBXBuildFile; fileRef = A758070728C4F7F70073D03A /* chameleon.png */; };
		A758071C28C4F7F70073D03A /* chick.png in Resources */ = {isa = PBXBuildFile; fileRef = A758070828C4F7F70073D03A /* chick.png */; };
		A758071D28C4F7F70073D03A /* prawn.png in Resources */ = {isa = PBXBuildFile; fileRef = A758070928C4F7F70073D03A /* prawn.png */; };
		A758071E28C4F7F70073D03A /* frog.png in Resources */ = {isa = PBXBuildFile; fileRef = A758070A28C4F7F70073D03A /* frog.png */; };
		A758071F28C4F7F70073D03A /* sheep.png in Resources */ = {isa = PBXBuildFile; fileRef = A758070B28C4F7F70073D03A /* sheep.png */; };
		A758072028C4F7F70073D03A /* tiger.png in Resources */ = {isa = PBXBuildFile; fileRef = A758070C28C4F7F70073D03A /* tiger.png */; };
		A758072128C4F7F70073D03A /* giraffe.png in Resources */ = {isa = PBXBuildFile; fileRef = A758070D28C4F7F70073D03A /* giraffe.png */; };
		A758072228C4F7F70073D03A /* axolotl.png in Resources */ = {isa = PBXBuildFile; fileRef = A758070E28C4F7F70073D03A /* axolotl.png */; };
		A758072328C4F7F70073D03A /* turtle.png in Resources */ = {isa = PBXBuildFile; fileRef = A758070F28C4F7F70073D03A /* turtle.png */; };
		A758072528C4F83D0073D03A /* UIImage++.swift in Sources */ = {isa = PBXBuildFile; fileRef = A758072428C4F83D0073D03A /* UIImage++.swift */; };
		A758072728C4FAEC0073D03A /* OnboardingCharacterCell.swift in Sources */ = {isa = PBXBuildFile; fileRef = A758072628C4FAEC0073D03A /* OnboardingCharacterCell.swift */; };
		A758072928C501C50073D03A /* ReusableCell.swift in Sources */ = {isa = PBXBuildFile; fileRef = A758072828C501C50073D03A /* ReusableCell.swift */; };
		A758072B28C509210073D03A /* OnboardingCharacterHeaderView.swift in Sources */ = {isa = PBXBuildFile; fileRef = A758072A28C509210073D03A /* OnboardingCharacterHeaderView.swift */; };
		A758072E28C510C00073D03A /* OnboardingCharacterCollectionView.swift in Sources */ = {isa = PBXBuildFile; fileRef = A758072D28C510C00073D03A /* OnboardingCharacterCollectionView.swift */; };
		A758073028C516F10073D03A /* OnboardingCharacterFooterView.swift in Sources */ = {isa = PBXBuildFile; fileRef = A758072F28C516F10073D03A /* OnboardingCharacterFooterView.swift */; };
		A7B4CCE528C6738100D663D2 /* BorderedButton.swift in Sources */ = {isa = PBXBuildFile; fileRef = A7B4CCE428C6738100D663D2 /* BorderedButton.swift */; };
		A7B4CCE728C67A6300D663D2 /* TadakListCell.swift in Sources */ = {isa = PBXBuildFile; fileRef = A7B4CCE628C67A6300D663D2 /* TadakListCell.swift */; };
		A7B4CCF028C681C200D663D2 /* crown.png in Resources */ = {isa = PBXBuildFile; fileRef = A7B4CCE928C681C200D663D2 /* crown.png */; };
		A7B4CCF128C681C200D663D2 /* clover.png in Resources */ = {isa = PBXBuildFile; fileRef = A7B4CCEA28C681C200D663D2 /* clover.png */; };
		A7B4CCF228C681C200D663D2 /* bronze-medal.png in Resources */ = {isa = PBXBuildFile; fileRef = A7B4CCEB28C681C200D663D2 /* bronze-medal.png */; };
		A7B4CCF328C681C200D663D2 /* silver-medal.png in Resources */ = {isa = PBXBuildFile; fileRef = A7B4CCEC28C681C200D663D2 /* silver-medal.png */; };
		A7B4CCF428C681C200D663D2 /* gold-medal.png in Resources */ = {isa = PBXBuildFile; fileRef = A7B4CCED28C681C200D663D2 /* gold-medal.png */; };
		A7B4CCF528C681C200D663D2 /* gold-trophy.png in Resources */ = {isa = PBXBuildFile; fileRef = A7B4CCEE28C681C200D663D2 /* gold-trophy.png */; };
		A7B4CCF828C681E400D663D2 /* diamond.png in Resources */ = {isa = PBXBuildFile; fileRef = A7B4CCF728C681E400D663D2 /* diamond.png */; };
		A7B4CCFA28C6FAB300D663D2 /* MyListViewController.swift in Sources */ = {isa = PBXBuildFile; fileRef = A7B4CCF928C6FAB300D663D2 /* MyListViewController.swift */; };
		A7B4CCFD28C6FB5000D663D2 /* MyListCell.swift in Sources */ = {isa = PBXBuildFile; fileRef = A7B4CCFC28C6FB5000D663D2 /* MyListCell.swift */; };
		A7B4CD0328C6FD9600D663D2 /* MyListHeaderView.swift in Sources */ = {isa = PBXBuildFile; fileRef = A7B4CD0228C6FD9600D663D2 /* MyListHeaderView.swift */; };
		A7B4CD0528C70E8F00D663D2 /* TextDetailViewController.swift in Sources */ = {isa = PBXBuildFile; fileRef = A7B4CD0428C70E8F00D663D2 /* TextDetailViewController.swift */; };
		A7B4CD0828C7129300D663D2 /* TextDetailDashboardView.swift in Sources */ = {isa = PBXBuildFile; fileRef = A7B4CD0728C7129300D663D2 /* TextDetailDashboardView.swift */; };
		A7B4CD0A28C7159B00D663D2 /* TypingMode.swift in Sources */ = {isa = PBXBuildFile; fileRef = A7B4CD0928C7159B00D663D2 /* TypingMode.swift */; };
		A7F295B928C4E1A500242836 /* AppDelegate.swift in Sources */ = {isa = PBXBuildFile; fileRef = A7F295B828C4E1A500242836 /* AppDelegate.swift */; };
		A7F295BB28C4E1A500242836 /* SceneDelegate.swift in Sources */ = {isa = PBXBuildFile; fileRef = A7F295BA28C4E1A500242836 /* SceneDelegate.swift */; };
		A7F295C528C4E1A600242836 /* LaunchScreen.storyboard in Resources */ = {isa = PBXBuildFile; fileRef = A7F295C328C4E1A600242836 /* LaunchScreen.storyboard */; };
		A7F295CE28C4E1C100242836 /* InfoPlist.strings in Resources */ = {isa = PBXBuildFile; fileRef = A7F295D028C4E1C100242836 /* InfoPlist.strings */; };
/* End PBXBuildFile section */

/* Begin PBXFileReference section */
		A72E757328C5F77A0028CE8D /* OnboardingNicknameViewController.swift */ = {isa = PBXFileReference; lastKnownFileType = sourcecode.swift; path = OnboardingNicknameViewController.swift; sourceTree = "<group>"; };
		A72E757828C5FD7A0028CE8D /* LightTextField.swift */ = {isa = PBXFileReference; lastKnownFileType = sourcecode.swift; path = LightTextField.swift; sourceTree = "<group>"; };
		A72E757D28C60BC00028CE8D /* TextField.swift */ = {isa = PBXFileReference; lastKnownFileType = sourcecode.swift; path = TextField.swift; sourceTree = "<group>"; };
		A72E757F28C612E10028CE8D /* TextButton.swift */ = {isa = PBXFileReference; lastKnownFileType = sourcecode.swift; path = TextButton.swift; sourceTree = "<group>"; };
		A72E758328C622430028CE8D /* OnboardingNicknameInputAccessoryView.swift */ = {isa = PBXFileReference; lastKnownFileType = sourcecode.swift; path = OnboardingNicknameInputAccessoryView.swift; sourceTree = "<group>"; };
		A72E758928C6461F0028CE8D /* TadakMainViewController.swift */ = {isa = PBXFileReference; lastKnownFileType = sourcecode.swift; path = TadakMainViewController.swift; sourceTree = "<group>"; };
		A72E758C28C647590028CE8D /* TadakMainBackgroundView.swift */ = {isa = PBXFileReference; lastKnownFileType = sourcecode.swift; path = TadakMainBackgroundView.swift; sourceTree = "<group>"; };
		A72E758F28C64A9C0028CE8D /* logo.png */ = {isa = PBXFileReference; lastKnownFileType = image.png; path = logo.png; sourceTree = "<group>"; };
		A72E759228C658430028CE8D /* NotoSansKR-Black.otf */ = {isa = PBXFileReference; lastKnownFileType = file; path = "NotoSansKR-Black.otf"; sourceTree = "<group>"; };
		A72E759328C658430028CE8D /* NotoSansKR-Bold.otf */ = {isa = PBXFileReference; lastKnownFileType = file; path = "NotoSansKR-Bold.otf"; sourceTree = "<group>"; };
		A72E759428C658440028CE8D /* NotoSansKR-Light.otf */ = {isa = PBXFileReference; lastKnownFileType = file; path = "NotoSansKR-Light.otf"; sourceTree = "<group>"; };
		A72E759528C658440028CE8D /* NotoSansKR-Thin.otf */ = {isa = PBXFileReference; lastKnownFileType = file; path = "NotoSansKR-Thin.otf"; sourceTree = "<group>"; };
		A72E759628C658440028CE8D /* NotoSansKR-Regular.otf */ = {isa = PBXFileReference; lastKnownFileType = file; path = "NotoSansKR-Regular.otf"; sourceTree = "<group>"; };
		A72E759E28C6587C0028CE8D /* NotoSansKR-Medium.otf */ = {isa = PBXFileReference; lastKnownFileType = file; path = "NotoSansKR-Medium.otf"; sourceTree = "<group>"; };
		A72E75A028C659A30028CE8D /* UIFont++.swift */ = {isa = PBXFileReference; lastKnownFileType = sourcecode.swift; path = "UIFont++.swift"; sourceTree = "<group>"; };
		A72E75A228C66A680028CE8D /* TadakListViewController.swift */ = {isa = PBXFileReference; lastKnownFileType = sourcecode.swift; path = TadakListViewController.swift; sourceTree = "<group>"; };
		A72E75A528C66B670028CE8D /* TadakNavigationView.swift */ = {isa = PBXFileReference; lastKnownFileType = sourcecode.swift; path = TadakNavigationView.swift; sourceTree = "<group>"; };
		A75806EA28C4E75A0073D03A /* Assets.xcassets */ = {isa = PBXFileReference; lastKnownFileType = folder.assetcatalog; path = Assets.xcassets; sourceTree = "<group>"; };
		A75806EC28C4E93E0073D03A /* splash.png */ = {isa = PBXFileReference; lastKnownFileType = image.png; path = splash.png; sourceTree = "<group>"; };
		A75806EE28C4EEDA0073D03A /* UIColor++.swift */ = {isa = PBXFileReference; lastKnownFileType = sourcecode.swift; path = "UIColor++.swift"; sourceTree = "<group>"; };
		A75806F428C4F2490073D03A /* OnboardingCharacterViewController.swift */ = {isa = PBXFileReference; lastKnownFileType = sourcecode.swift; path = OnboardingCharacterViewController.swift; sourceTree = "<group>"; };
		A75806FC28C4F7F60073D03A /* bear.png */ = {isa = PBXFileReference; lastKnownFileType = image.png; path = bear.png; sourceTree = "<group>"; };
		A75806FD28C4F7F60073D03A /* lion.png */ = {isa = PBXFileReference; lastKnownFileType = image.png; path = lion.png; sourceTree = "<group>"; };
		A75806FE28C4F7F60073D03A /* hedgehog.png */ = {isa = PBXFileReference; lastKnownFileType = image.png; path = hedgehog.png; sourceTree = "<group>"; };
		A75806FF28C4F7F60073D03A /* rabbit.png */ = {isa = PBXFileReference; lastKnownFileType = image.png; path = rabbit.png; sourceTree = "<group>"; };
		A758070028C4F7F60073D03A /* llama.png */ = {isa = PBXFileReference; lastKnownFileType = image.png; path = llama.png; sourceTree = "<group>"; };
		A758070128C4F7F60073D03A /* raccoon.png */ = {isa = PBXFileReference; lastKnownFileType = image.png; path = raccoon.png; sourceTree = "<group>"; };
		A758070228C4F7F60073D03A /* octopus.png */ = {isa = PBXFileReference; lastKnownFileType = image.png; path = octopus.png; sourceTree = "<group>"; };
		A758070328C4F7F60073D03A /* dog.png */ = {isa = PBXFileReference; lastKnownFileType = image.png; path = dog.png; sourceTree = "<group>"; };
		A758070428C4F7F60073D03A /* dinosaur.png */ = {isa = PBXFileReference; lastKnownFileType = image.png; path = dinosaur.png; sourceTree = "<group>"; };
		A758070528C4F7F60073D03A /* deer.png */ = {isa = PBXFileReference; lastKnownFileType = image.png; path = deer.png; sourceTree = "<group>"; };
		A758070628C4F7F60073D03A /* mouse.png */ = {isa = PBXFileReference; lastKnownFileType = image.png; path = mouse.png; sourceTree = "<group>"; };
		A758070728C4F7F70073D03A /* chameleon.png */ = {isa = PBXFileReference; lastKnownFileType = image.png; path = chameleon.png; sourceTree = "<group>"; };
		A758070828C4F7F70073D03A /* chick.png */ = {isa = PBXFileReference; lastKnownFileType = image.png; path = chick.png; sourceTree = "<group>"; };
		A758070928C4F7F70073D03A /* prawn.png */ = {isa = PBXFileReference; lastKnownFileType = image.png; path = prawn.png; sourceTree = "<group>"; };
		A758070A28C4F7F70073D03A /* frog.png */ = {isa = PBXFileReference; lastKnownFileType = image.png; path = frog.png; sourceTree = "<group>"; };
		A758070B28C4F7F70073D03A /* sheep.png */ = {isa = PBXFileReference; lastKnownFileType = image.png; path = sheep.png; sourceTree = "<group>"; };
		A758070C28C4F7F70073D03A /* tiger.png */ = {isa = PBXFileReference; lastKnownFileType = image.png; path = tiger.png; sourceTree = "<group>"; };
		A758070D28C4F7F70073D03A /* giraffe.png */ = {isa = PBXFileReference; lastKnownFileType = image.png; path = giraffe.png; sourceTree = "<group>"; };
		A758070E28C4F7F70073D03A /* axolotl.png */ = {isa = PBXFileReference; lastKnownFileType = image.png; path = axolotl.png; sourceTree = "<group>"; };
		A758070F28C4F7F70073D03A /* turtle.png */ = {isa = PBXFileReference; lastKnownFileType = image.png; path = turtle.png; sourceTree = "<group>"; };
		A758072428C4F83D0073D03A /* UIImage++.swift */ = {isa = PBXFileReference; lastKnownFileType = sourcecode.swift; path = "UIImage++.swift"; sourceTree = "<group>"; };
		A758072628C4FAEC0073D03A /* OnboardingCharacterCell.swift */ = {isa = PBXFileReference; lastKnownFileType = sourcecode.swift; path = OnboardingCharacterCell.swift; sourceTree = "<group>"; };
		A758072828C501C50073D03A /* ReusableCell.swift */ = {isa = PBXFileReference; lastKnownFileType = sourcecode.swift; path = ReusableCell.swift; sourceTree = "<group>"; };
		A758072A28C509210073D03A /* OnboardingCharacterHeaderView.swift */ = {isa = PBXFileReference; lastKnownFileType = sourcecode.swift; path = OnboardingCharacterHeaderView.swift; sourceTree = "<group>"; };
		A758072D28C510C00073D03A /* OnboardingCharacterCollectionView.swift */ = {isa = PBXFileReference; lastKnownFileType = sourcecode.swift; path = OnboardingCharacterCollectionView.swift; sourceTree = "<group>"; };
		A758072F28C516F10073D03A /* OnboardingCharacterFooterView.swift */ = {isa = PBXFileReference; lastKnownFileType = sourcecode.swift; path = OnboardingCharacterFooterView.swift; sourceTree = "<group>"; };
		A7B4CCE428C6738100D663D2 /* BorderedButton.swift */ = {isa = PBXFileReference; lastKnownFileType = sourcecode.swift; path = BorderedButton.swift; sourceTree = "<group>"; };
		A7B4CCE628C67A6300D663D2 /* TadakListCell.swift */ = {isa = PBXFileReference; lastKnownFileType = sourcecode.swift; path = TadakListCell.swift; sourceTree = "<group>"; };
		A7B4CCE928C681C200D663D2 /* crown.png */ = {isa = PBXFileReference; lastKnownFileType = image.png; path = crown.png; sourceTree = "<group>"; };
		A7B4CCEA28C681C200D663D2 /* clover.png */ = {isa = PBXFileReference; lastKnownFileType = image.png; path = clover.png; sourceTree = "<group>"; };
		A7B4CCEB28C681C200D663D2 /* bronze-medal.png */ = {isa = PBXFileReference; lastKnownFileType = image.png; path = "bronze-medal.png"; sourceTree = "<group>"; };
		A7B4CCEC28C681C200D663D2 /* silver-medal.png */ = {isa = PBXFileReference; lastKnownFileType = image.png; path = "silver-medal.png"; sourceTree = "<group>"; };
		A7B4CCED28C681C200D663D2 /* gold-medal.png */ = {isa = PBXFileReference; lastKnownFileType = image.png; path = "gold-medal.png"; sourceTree = "<group>"; };
		A7B4CCEE28C681C200D663D2 /* gold-trophy.png */ = {isa = PBXFileReference; lastKnownFileType = image.png; path = "gold-trophy.png"; sourceTree = "<group>"; };
		A7B4CCF728C681E400D663D2 /* diamond.png */ = {isa = PBXFileReference; lastKnownFileType = image.png; path = diamond.png; sourceTree = "<group>"; };
		A7B4CCF928C6FAB300D663D2 /* MyListViewController.swift */ = {isa = PBXFileReference; lastKnownFileType = sourcecode.swift; path = MyListViewController.swift; sourceTree = "<group>"; };
		A7B4CCFC28C6FB5000D663D2 /* MyListCell.swift */ = {isa = PBXFileReference; lastKnownFileType = sourcecode.swift; path = MyListCell.swift; sourceTree = "<group>"; };
		A7B4CD0228C6FD9600D663D2 /* MyListHeaderView.swift */ = {isa = PBXFileReference; lastKnownFileType = sourcecode.swift; path = MyListHeaderView.swift; sourceTree = "<group>"; };
		A7B4CD0428C70E8F00D663D2 /* TextDetailViewController.swift */ = {isa = PBXFileReference; lastKnownFileType = sourcecode.swift; path = TextDetailViewController.swift; sourceTree = "<group>"; };
		A7B4CD0728C7129300D663D2 /* TextDetailDashboardView.swift */ = {isa = PBXFileReference; lastKnownFileType = sourcecode.swift; path = TextDetailDashboardView.swift; sourceTree = "<group>"; };
		A7B4CD0928C7159B00D663D2 /* TypingMode.swift */ = {isa = PBXFileReference; lastKnownFileType = sourcecode.swift; path = TypingMode.swift; sourceTree = "<group>"; };
		A7F295B528C4E1A500242836 /* Tadak.app */ = {isa = PBXFileReference; explicitFileType = wrapper.application; includeInIndex = 0; path = Tadak.app; sourceTree = BUILT_PRODUCTS_DIR; };
		A7F295B828C4E1A500242836 /* AppDelegate.swift */ = {isa = PBXFileReference; lastKnownFileType = sourcecode.swift; path = AppDelegate.swift; sourceTree = "<group>"; };
		A7F295BA28C4E1A500242836 /* SceneDelegate.swift */ = {isa = PBXFileReference; lastKnownFileType = sourcecode.swift; path = SceneDelegate.swift; sourceTree = "<group>"; };
		A7F295C428C4E1A600242836 /* Base */ = {isa = PBXFileReference; lastKnownFileType = file.storyboard; name = Base; path = Base.lproj/LaunchScreen.storyboard; sourceTree = "<group>"; };
		A7F295C628C4E1A600242836 /* Info.plist */ = {isa = PBXFileReference; lastKnownFileType = text.plist.xml; name = Info.plist; path = Tadak/Resource/Info.plist; sourceTree = SOURCE_ROOT; };
		A7F295CF28C4E1C100242836 /* en */ = {isa = PBXFileReference; lastKnownFileType = text.plist.strings; name = en; path = en.lproj/InfoPlist.strings; sourceTree = "<group>"; };
		A7F295D128C4E1D400242836 /* ko */ = {isa = PBXFileReference; lastKnownFileType = text.plist.strings; name = ko; path = ko.lproj/InfoPlist.strings; sourceTree = "<group>"; };
/* End PBXFileReference section */

/* Begin PBXFrameworksBuildPhase section */
		A7F295B228C4E1A500242836 /* Frameworks */ = {
			isa = PBXFrameworksBuildPhase;
			buildActionMask = 2147483647;
			files = (
				A75806F828C4F3A80073D03A /* SnapKit in Frameworks */,
			);
			runOnlyForDeploymentPostprocessing = 0;
		};
/* End PBXFrameworksBuildPhase section */

/* Begin PBXGroup section */
		A72E757528C5F77F0028CE8D /* Nickname */ = {
			isa = PBXGroup;
			children = (
				A72E757328C5F77A0028CE8D /* OnboardingNicknameViewController.swift */,
				A72E758628C637110028CE8D /* SubComponents */,
			);
			path = Nickname;
			sourceTree = "<group>";
		};
		A72E757A28C5FFB60028CE8D /* CommonComponents */ = {
			isa = PBXGroup;
			children = (
				A72E757D28C60BC00028CE8D /* TextField.swift */,
				A72E757828C5FD7A0028CE8D /* LightTextField.swift */,
				A72E757F28C612E10028CE8D /* TextButton.swift */,
				A7B4CCE428C6738100D663D2 /* BorderedButton.swift */,
				A72E75A528C66B670028CE8D /* TadakNavigationView.swift */,
			);
			path = CommonComponents;
			sourceTree = "<group>";
		};
		A72E758528C634920028CE8D /* SubComponents */ = {
			isa = PBXGroup;
			children = (
				A758072D28C510C00073D03A /* OnboardingCharacterCollectionView.swift */,
				A758072A28C509210073D03A /* OnboardingCharacterHeaderView.swift */,
				A758072F28C516F10073D03A /* OnboardingCharacterFooterView.swift */,
				A758072628C4FAEC0073D03A /* OnboardingCharacterCell.swift */,
			);
			path = SubComponents;
			sourceTree = "<group>";
		};
		A72E758628C637110028CE8D /* SubComponents */ = {
			isa = PBXGroup;
			children = (
				A72E758328C622430028CE8D /* OnboardingNicknameInputAccessoryView.swift */,
			);
			path = SubComponents;
			sourceTree = "<group>";
		};
		A72E758B28C646230028CE8D /* TadakMain */ = {
			isa = PBXGroup;
			children = (
				A72E758928C6461F0028CE8D /* TadakMainViewController.swift */,
				A72E758E28C6475D0028CE8D /* SubComponents */,
			);
			path = TadakMain;
			sourceTree = "<group>";
		};
		A72E758E28C6475D0028CE8D /* SubComponents */ = {
			isa = PBXGroup;
			children = (
				A72E758C28C647590028CE8D /* TadakMainBackgroundView.swift */,
			);
			path = SubComponents;
			sourceTree = "<group>";
		};
		A72E759128C6581C0028CE8D /* Fonts */ = {
			isa = PBXGroup;
			children = (
				A72E759228C658430028CE8D /* NotoSansKR-Black.otf */,
				A72E759328C658430028CE8D /* NotoSansKR-Bold.otf */,
				A72E759E28C6587C0028CE8D /* NotoSansKR-Medium.otf */,
				A72E759628C658440028CE8D /* NotoSansKR-Regular.otf */,
				A72E759428C658440028CE8D /* NotoSansKR-Light.otf */,
				A72E759528C658440028CE8D /* NotoSansKR-Thin.otf */,
			);
			path = Fonts;
			sourceTree = "<group>";
		};
		A72E75A428C66AD50028CE8D /* TadakList */ = {
			isa = PBXGroup;
			children = (
				A72E75A228C66A680028CE8D /* TadakListViewController.swift */,
				A7B4CD0028C6FCA600D663D2 /* SubComponents */,
			);
			path = TadakList;
			sourceTree = "<group>";
		};
		A75806F028C4EEE00073D03A /* Extensions */ = {
			isa = PBXGroup;
			children = (
				A75806EE28C4EEDA0073D03A /* UIColor++.swift */,
				A758072428C4F83D0073D03A /* UIImage++.swift */,
				A72E75A028C659A30028CE8D /* UIFont++.swift */,
			);
			path = Extensions;
			sourceTree = "<group>";
		};
		A75806F128C4EEEB0073D03A /* Utils */ = {
			isa = PBXGroup;
			children = (
				A75806F028C4EEE00073D03A /* Extensions */,
				A758072C28C50EF60073D03A /* Protocol */,
			);
			path = Utils;
			sourceTree = "<group>";
		};
		A75806F228C4F1390073D03A /* Splash */ = {
			isa = PBXGroup;
			children = (
				A7F295C328C4E1A600242836 /* LaunchScreen.storyboard */,
			);
			path = Splash;
			sourceTree = "<group>";
		};
		A75806F328C4F1400073D03A /* Onboarding */ = {
			isa = PBXGroup;
			children = (
				A758073128C5196F0073D03A /* Character */,
				A72E757528C5F77F0028CE8D /* Nickname */,
			);
			path = Onboarding;
			sourceTree = "<group>";
		};
		A75806FB28C4F7DB0073D03A /* Characters */ = {
			isa = PBXGroup;
			children = (
				A758070E28C4F7F70073D03A /* axolotl.png */,
				A75806FC28C4F7F60073D03A /* bear.png */,
				A758070728C4F7F70073D03A /* chameleon.png */,
				A758070828C4F7F70073D03A /* chick.png */,
				A758070528C4F7F60073D03A /* deer.png */,
				A758070428C4F7F60073D03A /* dinosaur.png */,
				A758070328C4F7F60073D03A /* dog.png */,
				A758070A28C4F7F70073D03A /* frog.png */,
				A758070D28C4F7F70073D03A /* giraffe.png */,
				A75806FE28C4F7F60073D03A /* hedgehog.png */,
				A75806FD28C4F7F60073D03A /* lion.png */,
				A758070028C4F7F60073D03A /* llama.png */,
				A758070628C4F7F60073D03A /* mouse.png */,
				A758070228C4F7F60073D03A /* octopus.png */,
				A758070928C4F7F70073D03A /* prawn.png */,
				A75806FF28C4F7F60073D03A /* rabbit.png */,
				A758070128C4F7F60073D03A /* raccoon.png */,
				A758070B28C4F7F70073D03A /* sheep.png */,
				A758070C28C4F7F70073D03A /* tiger.png */,
				A758070F28C4F7F70073D03A /* turtle.png */,
			);
			path = Characters;
			sourceTree = "<group>";
		};
		A758072C28C50EF60073D03A /* Protocol */ = {
			isa = PBXGroup;
			children = (
				A758072828C501C50073D03A /* ReusableCell.swift */,
			);
			path = Protocol;
			sourceTree = "<group>";
		};
		A758073128C5196F0073D03A /* Character */ = {
			isa = PBXGroup;
			children = (
				A75806F428C4F2490073D03A /* OnboardingCharacterViewController.swift */,
				A72E758528C634920028CE8D /* SubComponents */,
			);
			path = Character;
			sourceTree = "<group>";
		};
		A7B4CCE828C681A500D663D2 /* Reward */ = {
			isa = PBXGroup;
			children = (
				A7B4CCEB28C681C200D663D2 /* bronze-medal.png */,
				A7B4CCEA28C681C200D663D2 /* clover.png */,
				A7B4CCE928C681C200D663D2 /* crown.png */,
				A7B4CCF728C681E400D663D2 /* diamond.png */,
				A7B4CCED28C681C200D663D2 /* gold-medal.png */,
				A7B4CCEE28C681C200D663D2 /* gold-trophy.png */,
				A7B4CCEC28C681C200D663D2 /* silver-medal.png */,
			);
			path = Reward;
			sourceTree = "<group>";
		};
		A7B4CCFB28C6FABD00D663D2 /* MyList */ = {
			isa = PBXGroup;
			children = (
				A7B4CCF928C6FAB300D663D2 /* MyListViewController.swift */,
				A7B4CD0128C6FCAD00D663D2 /* SubComponents */,
			);
			path = MyList;
			sourceTree = "<group>";
		};
		A7B4CD0028C6FCA600D663D2 /* SubComponents */ = {
			isa = PBXGroup;
			children = (
				A7B4CCE628C67A6300D663D2 /* TadakListCell.swift */,
			);
			path = SubComponents;
			sourceTree = "<group>";
		};
		A7B4CD0128C6FCAD00D663D2 /* SubComponents */ = {
			isa = PBXGroup;
			children = (
				A7B4CD0228C6FD9600D663D2 /* MyListHeaderView.swift */,
				A7B4CCFC28C6FB5000D663D2 /* MyListCell.swift */,
			);
			path = SubComponents;
			sourceTree = "<group>";
		};
		A7B4CD0628C70E9500D663D2 /* TextDetail */ = {
			isa = PBXGroup;
			children = (
				A7B4CD0428C70E8F00D663D2 /* TextDetailViewController.swift */,
				A7B4CD0D28C71D0200D663D2 /* SubComponents */,
			);
			path = TextDetail;
			sourceTree = "<group>";
		};
		A7B4CD0B28C7160D00D663D2 /* Entities */ = {
			isa = PBXGroup;
			children = (
				A7B4CD0928C7159B00D663D2 /* TypingMode.swift */,
			);
			path = Entities;
			sourceTree = "<group>";
		};
		A7B4CD0C28C7161500D663D2 /* Domain */ = {
			isa = PBXGroup;
			children = (
				A7B4CD0B28C7160D00D663D2 /* Entities */,
			);
			path = Domain;
			sourceTree = "<group>";
		};
		A7B4CD0D28C71D0200D663D2 /* SubComponents */ = {
			isa = PBXGroup;
			children = (
				A7B4CD0728C7129300D663D2 /* TextDetailDashboardView.swift */,
			);
			path = SubComponents;
			sourceTree = "<group>";
		};
		A7F295AC28C4E1A500242836 = {
			isa = PBXGroup;
			children = (
				A7F295B728C4E1A500242836 /* Tadak */,
				A7F295B628C4E1A500242836 /* Products */,
			);
			sourceTree = "<group>";
		};
		A7F295B628C4E1A500242836 /* Products */ = {
			isa = PBXGroup;
			children = (
				A7F295B528C4E1A500242836 /* Tadak.app */,
			);
			name = Products;
			sourceTree = "<group>";
		};
		A7F295B728C4E1A500242836 /* Tadak */ = {
			isa = PBXGroup;
			children = (
				A7F295D428C4E5C000242836 /* Resource */,
				A7F295D228C4E57B00242836 /* AppDelegate */,
				A7F295D328C4E58500242836 /* Presentation */,
				A7B4CD0C28C7161500D663D2 /* Domain */,
				A75806F128C4EEEB0073D03A /* Utils */,
			);
			path = Tadak;
			sourceTree = "<group>";
		};
		A7F295D228C4E57B00242836 /* AppDelegate */ = {
			isa = PBXGroup;
			children = (
				A7F295B828C4E1A500242836 /* AppDelegate.swift */,
				A7F295BA28C4E1A500242836 /* SceneDelegate.swift */,
			);
			path = AppDelegate;
			sourceTree = "<group>";
		};
		A7F295D328C4E58500242836 /* Presentation */ = {
			isa = PBXGroup;
			children = (
				A75806F228C4F1390073D03A /* Splash */,
				A75806F328C4F1400073D03A /* Onboarding */,
				A72E758B28C646230028CE8D /* TadakMain */,
				A72E75A428C66AD50028CE8D /* TadakList */,
				A7B4CCFB28C6FABD00D663D2 /* MyList */,
				A7B4CD0628C70E9500D663D2 /* TextDetail */,
				A72E757A28C5FFB60028CE8D /* CommonComponents */,
			);
			path = Presentation;
			sourceTree = "<group>";
		};
		A7F295D428C4E5C000242836 /* Resource */ = {
			isa = PBXGroup;
			children = (
				A75806EC28C4E93E0073D03A /* splash.png */,
				A72E758F28C64A9C0028CE8D /* logo.png */,
				A75806EA28C4E75A0073D03A /* Assets.xcassets */,
				A7F295C628C4E1A600242836 /* Info.plist */,
				A7F295D028C4E1C100242836 /* InfoPlist.strings */,
				A75806FB28C4F7DB0073D03A /* Characters */,
				A7B4CCE828C681A500D663D2 /* Reward */,
				A72E759128C6581C0028CE8D /* Fonts */,
			);
			path = Resource;
			sourceTree = "<group>";
		};
/* End PBXGroup section */

/* Begin PBXNativeTarget section */
		A7F295B428C4E1A500242836 /* Tadak */ = {
			isa = PBXNativeTarget;
			buildConfigurationList = A7F295C928C4E1A600242836 /* Build configuration list for PBXNativeTarget "Tadak" */;
			buildPhases = (
				A7F295B128C4E1A500242836 /* Sources */,
				A7F295B228C4E1A500242836 /* Frameworks */,
				A7F295B328C4E1A500242836 /* Resources */,
			);
			buildRules = (
			);
			dependencies = (
			);
			name = Tadak;
			packageProductDependencies = (
				A75806F728C4F3A80073D03A /* SnapKit */,
			);
			productName = Tadak;
			productReference = A7F295B528C4E1A500242836 /* Tadak.app */;
			productType = "com.apple.product-type.application";
		};
/* End PBXNativeTarget section */

/* Begin PBXProject section */
		A7F295AD28C4E1A500242836 /* Project object */ = {
			isa = PBXProject;
			attributes = {
				BuildIndependentTargetsInParallel = 1;
				LastSwiftUpdateCheck = 1340;
				LastUpgradeCheck = 1340;
				TargetAttributes = {
					A7F295B428C4E1A500242836 = {
						CreatedOnToolsVersion = 13.4.1;
					};
				};
			};
			buildConfigurationList = A7F295B028C4E1A500242836 /* Build configuration list for PBXProject "Tadak" */;
			compatibilityVersion = "Xcode 13.0";
			developmentRegion = en;
			hasScannedForEncodings = 0;
			knownRegions = (
				en,
				Base,
				ko,
			);
			mainGroup = A7F295AC28C4E1A500242836;
			packageReferences = (
				A75806F628C4F3A80073D03A /* XCRemoteSwiftPackageReference "SnapKit" */,
			);
			productRefGroup = A7F295B628C4E1A500242836 /* Products */;
			projectDirPath = "";
			projectRoot = "";
			targets = (
				A7F295B428C4E1A500242836 /* Tadak */,
			);
		};
/* End PBXProject section */

/* Begin PBXResourcesBuildPhase section */
		A7F295B328C4E1A500242836 /* Resources */ = {
			isa = PBXResourcesBuildPhase;
			buildActionMask = 2147483647;
			files = (
				A758071728C4F7F70073D03A /* dog.png in Resources */,
				A758071228C4F7F70073D03A /* hedgehog.png in Resources */,
				A72E759A28C658440028CE8D /* NotoSansKR-Light.otf in Resources */,
				A758072228C4F7F70073D03A /* axolotl.png in Resources */,
				A72E759C28C658440028CE8D /* NotoSansKR-Regular.otf in Resources */,
				A7B4CCF028C681C200D663D2 /* crown.png in Resources */,
				A758071528C4F7F70073D03A /* raccoon.png in Resources */,
				A758071328C4F7F70073D03A /* rabbit.png in Resources */,
				A7B4CCF828C681E400D663D2 /* diamond.png in Resources */,
				A72E759828C658440028CE8D /* NotoSansKR-Black.otf in Resources */,
				A758072328C4F7F70073D03A /* turtle.png in Resources */,
				A758072128C4F7F70073D03A /* giraffe.png in Resources */,
				A7B4CCF428C681C200D663D2 /* gold-medal.png in Resources */,
				A7B4CCF328C681C200D663D2 /* silver-medal.png in Resources */,
				A758071828C4F7F70073D03A /* dinosaur.png in Resources */,
				A758071F28C4F7F70073D03A /* sheep.png in Resources */,
				A7B4CCF528C681C200D663D2 /* gold-trophy.png in Resources */,
				A7B4CCF228C681C200D663D2 /* bronze-medal.png in Resources */,
				A75806ED28C4E93E0073D03A /* splash.png in Resources */,
				A758071028C4F7F70073D03A /* bear.png in Resources */,
				A758071428C4F7F70073D03A /* llama.png in Resources */,
				A7F295C528C4E1A600242836 /* LaunchScreen.storyboard in Resources */,
				A758071928C4F7F70073D03A /* deer.png in Resources */,
				A75806EB28C4E75A0073D03A /* Assets.xcassets in Resources */,
				A758071A28C4F7F70073D03A /* mouse.png in Resources */,
				A72E759028C64A9C0028CE8D /* logo.png in Resources */,
				A7B4CCF128C681C200D663D2 /* clover.png in Resources */,
				A758071E28C4F7F70073D03A /* frog.png in Resources */,
				A758071B28C4F7F70073D03A /* chameleon.png in Resources */,
				A758071628C4F7F70073D03A /* octopus.png in Resources */,
				A758071D28C4F7F70073D03A /* prawn.png in Resources */,
				A72E759928C658440028CE8D /* NotoSansKR-Bold.otf in Resources */,
				A758072028C4F7F70073D03A /* tiger.png in Resources */,
				A7F295CE28C4E1C100242836 /* InfoPlist.strings in Resources */,
				A72E759B28C658440028CE8D /* NotoSansKR-Thin.otf in Resources */,
				A758071C28C4F7F70073D03A /* chick.png in Resources */,
				A758071128C4F7F70073D03A /* lion.png in Resources */,
				A72E759F28C6587C0028CE8D /* NotoSansKR-Medium.otf in Resources */,
			);
			runOnlyForDeploymentPostprocessing = 0;
		};
/* End PBXResourcesBuildPhase section */

/* Begin PBXSourcesBuildPhase section */
		A7F295B128C4E1A500242836 /* Sources */ = {
			isa = PBXSourcesBuildPhase;
			buildActionMask = 2147483647;
			files = (
				A72E75A128C659A30028CE8D /* UIFont++.swift in Sources */,
				A75806EF28C4EEDA0073D03A /* UIColor++.swift in Sources */,
				A72E758A28C6461F0028CE8D /* TadakMainViewController.swift in Sources */,
				A7B4CD0A28C7159B00D663D2 /* TypingMode.swift in Sources */,
				A75806F528C4F2490073D03A /* OnboardingCharacterViewController.swift in Sources */,
				A72E758428C622430028CE8D /* OnboardingNicknameInputAccessoryView.swift in Sources */,
				A758072E28C510C00073D03A /* OnboardingCharacterCollectionView.swift in Sources */,
				A72E757E28C60BC00028CE8D /* TextField.swift in Sources */,
				A72E758D28C647590028CE8D /* TadakMainBackgroundView.swift in Sources */,
				A72E75A628C66B670028CE8D /* TadakNavigationView.swift in Sources */,
				A72E757928C5FD7A0028CE8D /* LightTextField.swift in Sources */,
				A72E757428C5F77A0028CE8D /* OnboardingNicknameViewController.swift in Sources */,
				A72E75A328C66A680028CE8D /* TadakListViewController.swift in Sources */,
				A758072B28C509210073D03A /* OnboardingCharacterHeaderView.swift in Sources */,
				A758072528C4F83D0073D03A /* UIImage++.swift in Sources */,
				A7F295B928C4E1A500242836 /* AppDelegate.swift in Sources */,
				A758072728C4FAEC0073D03A /* OnboardingCharacterCell.swift in Sources */,
				A72E758028C612E10028CE8D /* TextButton.swift in Sources */,
				A7B4CCE728C67A6300D663D2 /* TadakListCell.swift in Sources */,
				A7B4CD0528C70E8F00D663D2 /* TextDetailViewController.swift in Sources */,
				A7B4CD0328C6FD9600D663D2 /* MyListHeaderView.swift in Sources */,
				A7B4CCFA28C6FAB300D663D2 /* MyListViewController.swift in Sources */,
				A758072928C501C50073D03A /* ReusableCell.swift in Sources */,
				A758073028C516F10073D03A /* OnboardingCharacterFooterView.swift in Sources */,
				A7B4CCFD28C6FB5000D663D2 /* MyListCell.swift in Sources */,
				A7B4CD0828C7129300D663D2 /* TextDetailDashboardView.swift in Sources */,
				A7F295BB28C4E1A500242836 /* SceneDelegate.swift in Sources */,
				A7B4CCE528C6738100D663D2 /* BorderedButton.swift in Sources */,
			);
			runOnlyForDeploymentPostprocessing = 0;
		};
/* End PBXSourcesBuildPhase section */

/* Begin PBXVariantGroup section */
		A7F295C328C4E1A600242836 /* LaunchScreen.storyboard */ = {
			isa = PBXVariantGroup;
			children = (
				A7F295C428C4E1A600242836 /* Base */,
			);
			name = LaunchScreen.storyboard;
			sourceTree = "<group>";
		};
		A7F295D028C4E1C100242836 /* InfoPlist.strings */ = {
			isa = PBXVariantGroup;
			children = (
				A7F295CF28C4E1C100242836 /* en */,
				A7F295D128C4E1D400242836 /* ko */,
			);
			name = InfoPlist.strings;
			sourceTree = "<group>";
		};
/* End PBXVariantGroup section */

/* Begin XCBuildConfiguration section */
		A7F295C728C4E1A600242836 /* Debug */ = {
			isa = XCBuildConfiguration;
			buildSettings = {
				ALWAYS_SEARCH_USER_PATHS = NO;
				CLANG_ANALYZER_LOCALIZABILITY_NONLOCALIZED = YES;
				CLANG_ANALYZER_NONNULL = YES;
				CLANG_ANALYZER_NUMBER_OBJECT_CONVERSION = YES_AGGRESSIVE;
				CLANG_CXX_LANGUAGE_STANDARD = "gnu++17";
				CLANG_ENABLE_MODULES = YES;
				CLANG_ENABLE_OBJC_ARC = YES;
				CLANG_ENABLE_OBJC_WEAK = YES;
				CLANG_WARN_BLOCK_CAPTURE_AUTORELEASING = YES;
				CLANG_WARN_BOOL_CONVERSION = YES;
				CLANG_WARN_COMMA = YES;
				CLANG_WARN_CONSTANT_CONVERSION = YES;
				CLANG_WARN_DEPRECATED_OBJC_IMPLEMENTATIONS = YES;
				CLANG_WARN_DIRECT_OBJC_ISA_USAGE = YES_ERROR;
				CLANG_WARN_DOCUMENTATION_COMMENTS = YES;
				CLANG_WARN_EMPTY_BODY = YES;
				CLANG_WARN_ENUM_CONVERSION = YES;
				CLANG_WARN_INFINITE_RECURSION = YES;
				CLANG_WARN_INT_CONVERSION = YES;
				CLANG_WARN_NON_LITERAL_NULL_CONVERSION = YES;
				CLANG_WARN_OBJC_IMPLICIT_RETAIN_SELF = YES;
				CLANG_WARN_OBJC_LITERAL_CONVERSION = YES;
				CLANG_WARN_OBJC_ROOT_CLASS = YES_ERROR;
				CLANG_WARN_QUOTED_INCLUDE_IN_FRAMEWORK_HEADER = YES;
				CLANG_WARN_RANGE_LOOP_ANALYSIS = YES;
				CLANG_WARN_STRICT_PROTOTYPES = YES;
				CLANG_WARN_SUSPICIOUS_MOVE = YES;
				CLANG_WARN_UNGUARDED_AVAILABILITY = YES_AGGRESSIVE;
				CLANG_WARN_UNREACHABLE_CODE = YES;
				CLANG_WARN__DUPLICATE_METHOD_MATCH = YES;
				COPY_PHASE_STRIP = NO;
				DEBUG_INFORMATION_FORMAT = dwarf;
				ENABLE_STRICT_OBJC_MSGSEND = YES;
				ENABLE_TESTABILITY = YES;
				GCC_C_LANGUAGE_STANDARD = gnu11;
				GCC_DYNAMIC_NO_PIC = NO;
				GCC_NO_COMMON_BLOCKS = YES;
				GCC_OPTIMIZATION_LEVEL = 0;
				GCC_PREPROCESSOR_DEFINITIONS = (
					"DEBUG=1",
					"$(inherited)",
				);
				GCC_WARN_64_TO_32_BIT_CONVERSION = YES;
				GCC_WARN_ABOUT_RETURN_TYPE = YES_ERROR;
				GCC_WARN_UNDECLARED_SELECTOR = YES;
				GCC_WARN_UNINITIALIZED_AUTOS = YES_AGGRESSIVE;
				GCC_WARN_UNUSED_FUNCTION = YES;
				GCC_WARN_UNUSED_VARIABLE = YES;
				IPHONEOS_DEPLOYMENT_TARGET = 13.0;
				MTL_ENABLE_DEBUG_INFO = INCLUDE_SOURCE;
				MTL_FAST_MATH = YES;
				ONLY_ACTIVE_ARCH = YES;
				SDKROOT = iphoneos;
				SWIFT_ACTIVE_COMPILATION_CONDITIONS = DEBUG;
				SWIFT_OPTIMIZATION_LEVEL = "-Onone";
			};
			name = Debug;
		};
		A7F295C828C4E1A600242836 /* Release */ = {
			isa = XCBuildConfiguration;
			buildSettings = {
				ALWAYS_SEARCH_USER_PATHS = NO;
				CLANG_ANALYZER_LOCALIZABILITY_NONLOCALIZED = YES;
				CLANG_ANALYZER_NONNULL = YES;
				CLANG_ANALYZER_NUMBER_OBJECT_CONVERSION = YES_AGGRESSIVE;
				CLANG_CXX_LANGUAGE_STANDARD = "gnu++17";
				CLANG_ENABLE_MODULES = YES;
				CLANG_ENABLE_OBJC_ARC = YES;
				CLANG_ENABLE_OBJC_WEAK = YES;
				CLANG_WARN_BLOCK_CAPTURE_AUTORELEASING = YES;
				CLANG_WARN_BOOL_CONVERSION = YES;
				CLANG_WARN_COMMA = YES;
				CLANG_WARN_CONSTANT_CONVERSION = YES;
				CLANG_WARN_DEPRECATED_OBJC_IMPLEMENTATIONS = YES;
				CLANG_WARN_DIRECT_OBJC_ISA_USAGE = YES_ERROR;
				CLANG_WARN_DOCUMENTATION_COMMENTS = YES;
				CLANG_WARN_EMPTY_BODY = YES;
				CLANG_WARN_ENUM_CONVERSION = YES;
				CLANG_WARN_INFINITE_RECURSION = YES;
				CLANG_WARN_INT_CONVERSION = YES;
				CLANG_WARN_NON_LITERAL_NULL_CONVERSION = YES;
				CLANG_WARN_OBJC_IMPLICIT_RETAIN_SELF = YES;
				CLANG_WARN_OBJC_LITERAL_CONVERSION = YES;
				CLANG_WARN_OBJC_ROOT_CLASS = YES_ERROR;
				CLANG_WARN_QUOTED_INCLUDE_IN_FRAMEWORK_HEADER = YES;
				CLANG_WARN_RANGE_LOOP_ANALYSIS = YES;
				CLANG_WARN_STRICT_PROTOTYPES = YES;
				CLANG_WARN_SUSPICIOUS_MOVE = YES;
				CLANG_WARN_UNGUARDED_AVAILABILITY = YES_AGGRESSIVE;
				CLANG_WARN_UNREACHABLE_CODE = YES;
				CLANG_WARN__DUPLICATE_METHOD_MATCH = YES;
				COPY_PHASE_STRIP = NO;
				DEBUG_INFORMATION_FORMAT = "dwarf-with-dsym";
				ENABLE_NS_ASSERTIONS = NO;
				ENABLE_STRICT_OBJC_MSGSEND = YES;
				GCC_C_LANGUAGE_STANDARD = gnu11;
				GCC_NO_COMMON_BLOCKS = YES;
				GCC_WARN_64_TO_32_BIT_CONVERSION = YES;
				GCC_WARN_ABOUT_RETURN_TYPE = YES_ERROR;
				GCC_WARN_UNDECLARED_SELECTOR = YES;
				GCC_WARN_UNINITIALIZED_AUTOS = YES_AGGRESSIVE;
				GCC_WARN_UNUSED_FUNCTION = YES;
				GCC_WARN_UNUSED_VARIABLE = YES;
				IPHONEOS_DEPLOYMENT_TARGET = 13.0;
				MTL_ENABLE_DEBUG_INFO = NO;
				MTL_FAST_MATH = YES;
				SDKROOT = iphoneos;
				SWIFT_COMPILATION_MODE = wholemodule;
				SWIFT_OPTIMIZATION_LEVEL = "-O";
				VALIDATE_PRODUCT = YES;
			};
			name = Release;
		};
		A7F295CA28C4E1A600242836 /* Debug */ = {
			isa = XCBuildConfiguration;
			buildSettings = {
				ASSETCATALOG_COMPILER_APPICON_NAME = AppIcon;
				ASSETCATALOG_COMPILER_GLOBAL_ACCENT_COLOR_NAME = AccentColor;
				CODE_SIGN_STYLE = Automatic;
				CURRENT_PROJECT_VERSION = 1;
				DEVELOPMENT_TEAM = 3CZP576P62;
				GENERATE_INFOPLIST_FILE = YES;
				INFOPLIST_FILE = Tadak/Resource/Info.plist;
				INFOPLIST_KEY_UIApplicationSupportsIndirectInputEvents = YES;
				INFOPLIST_KEY_UILaunchStoryboardName = LaunchScreen;
				INFOPLIST_KEY_UISupportedInterfaceOrientations = UIInterfaceOrientationPortrait;
				INFOPLIST_KEY_UISupportedInterfaceOrientations_iPad = "UIInterfaceOrientationPortrait UIInterfaceOrientationPortraitUpsideDown UIInterfaceOrientationLandscapeLeft UIInterfaceOrientationLandscapeRight";
				INFOPLIST_KEY_UISupportedInterfaceOrientations_iPhone = "UIInterfaceOrientationPortrait UIInterfaceOrientationLandscapeLeft UIInterfaceOrientationLandscapeRight";
				IPHONEOS_DEPLOYMENT_TARGET = 13.0;
				LD_RUNPATH_SEARCH_PATHS = (
					"$(inherited)",
					"@executable_path/Frameworks",
				);
				MARKETING_VERSION = 1.0;
				PRODUCT_BUNDLE_IDENTIFIER = com.dongcheon.Tadak;
				PRODUCT_NAME = "$(TARGET_NAME)";
				SWIFT_EMIT_LOC_STRINGS = YES;
				SWIFT_VERSION = 5.0;
				TARGETED_DEVICE_FAMILY = 1;
			};
			name = Debug;
		};
		A7F295CB28C4E1A600242836 /* Release */ = {
			isa = XCBuildConfiguration;
			buildSettings = {
				ASSETCATALOG_COMPILER_APPICON_NAME = AppIcon;
				ASSETCATALOG_COMPILER_GLOBAL_ACCENT_COLOR_NAME = AccentColor;
				CODE_SIGN_STYLE = Automatic;
				CURRENT_PROJECT_VERSION = 1;
				DEVELOPMENT_TEAM = 3CZP576P62;
				GENERATE_INFOPLIST_FILE = YES;
				INFOPLIST_FILE = Tadak/Resource/Info.plist;
				INFOPLIST_KEY_UIApplicationSupportsIndirectInputEvents = YES;
				INFOPLIST_KEY_UILaunchStoryboardName = LaunchScreen;
				INFOPLIST_KEY_UISupportedInterfaceOrientations = UIInterfaceOrientationPortrait;
				INFOPLIST_KEY_UISupportedInterfaceOrientations_iPad = "UIInterfaceOrientationPortrait UIInterfaceOrientationPortraitUpsideDown UIInterfaceOrientationLandscapeLeft UIInterfaceOrientationLandscapeRight";
				INFOPLIST_KEY_UISupportedInterfaceOrientations_iPhone = "UIInterfaceOrientationPortrait UIInterfaceOrientationLandscapeLeft UIInterfaceOrientationLandscapeRight";
				IPHONEOS_DEPLOYMENT_TARGET = 13.0;
				LD_RUNPATH_SEARCH_PATHS = (
					"$(inherited)",
					"@executable_path/Frameworks",
				);
				MARKETING_VERSION = 1.0;
				PRODUCT_BUNDLE_IDENTIFIER = com.dongcheon.Tadak;
				PRODUCT_NAME = "$(TARGET_NAME)";
				SWIFT_EMIT_LOC_STRINGS = YES;
				SWIFT_VERSION = 5.0;
				TARGETED_DEVICE_FAMILY = 1;
			};
			name = Release;
		};
/* End XCBuildConfiguration section */

/* Begin XCConfigurationList section */
		A7F295B028C4E1A500242836 /* Build configuration list for PBXProject "Tadak" */ = {
			isa = XCConfigurationList;
			buildConfigurations = (
				A7F295C728C4E1A600242836 /* Debug */,
				A7F295C828C4E1A600242836 /* Release */,
			);
			defaultConfigurationIsVisible = 0;
			defaultConfigurationName = Release;
		};
		A7F295C928C4E1A600242836 /* Build configuration list for PBXNativeTarget "Tadak" */ = {
			isa = XCConfigurationList;
			buildConfigurations = (
				A7F295CA28C4E1A600242836 /* Debug */,
				A7F295CB28C4E1A600242836 /* Release */,
			);
			defaultConfigurationIsVisible = 0;
			defaultConfigurationName = Release;
		};
/* End XCConfigurationList section */

/* Begin XCRemoteSwiftPackageReference section */
		A75806F628C4F3A80073D03A /* XCRemoteSwiftPackageReference "SnapKit" */ = {
			isa = XCRemoteSwiftPackageReference;
			repositoryURL = "https://github.com/SnapKit/SnapKit.git";
			requirement = {
				kind = upToNextMajorVersion;
				minimumVersion = 5.0.0;
			};
		};
/* End XCRemoteSwiftPackageReference section */

/* Begin XCSwiftPackageProductDependency section */
		A75806F728C4F3A80073D03A /* SnapKit */ = {
			isa = XCSwiftPackageProductDependency;
			package = A75806F628C4F3A80073D03A /* XCRemoteSwiftPackageReference "SnapKit" */;
			productName = SnapKit;
		};
/* End XCSwiftPackageProductDependency section */
	};
	rootObject = A7F295AD28C4E1A500242836 /* Project object */;
}
